
Microsoft Visual Studio Solution File, Format Version 12.00
# Visual Studio Version 17
VisualStudioVersion = 17.3.32819.101
MinimumVisualStudioVersion = 10.0.40219.1
Project("{FAE04EC0-301F-11D3-BF4B-00C04F79EFBC}") = "PruebaExamen.Android", "PruebaExamen\PruebaExamen.Android\PruebaExamen.Android.csproj", "{0D006976-EAF8-4BC2-9403-86B7F737C37F}"
EndProject
Project("{FAE04EC0-301F-11D3-BF4B-00C04F79EFBC}") = "PruebaExamen", "PruebaExamen\PruebaExamen\PruebaExamen.csproj", "{F0AC6D9F-2521-4FEE-B3AE-1D871F600AF5}"
EndProject
Global
	GlobalSection(SolutionConfigurationPlatforms) = preSolution
		Debug|Any CPU = Debug|Any CPU
		Release|Any CPU = Release|Any CPU
	EndGlobalSection
	GlobalSection(ProjectConfigurationPlatforms) = postSolution
		{0D006976-EAF8-4BC2-9403-86B7F737C37F}.Debug|Any CPU.ActiveCfg = Debug|Any CPU
		{0D006976-EAF8-4BC2-9403-86B7F737C37F}.Debug|Any CPU.Build.0 = Debug|Any CPU
		{0D006976-EAF8-4BC2-9403-86B7F737C37F}.Debug|Any CPU.Deploy.0 = Debug|Any CPU
		{0D006976-EAF8-4BC2-9403-86B7F737C37F}.Release|Any CPU.ActiveCfg = Release|Any CPU
		{0D006976-EAF8-4BC2-9403-86B7F737C37F}.Release|Any CPU.Build.0 = Release|Any CPU
		{0D006976-EAF8-4BC2-9403-86B7F737C37F}.Release|Any CPU.Deploy.0 = Release|Any CPU
		{F0AC6D9F-2521-4FEE-B3AE-1D871F600AF5}.Debug|Any CPU.ActiveCfg = Debug|Any CPU
		{F0AC6D9F-2521-4FEE-B3AE-1D871F600AF5}.Debug|Any CPU.Build.0 = Debug|Any CPU
		{F0AC6D9F-2521-4FEE-B3AE-1D871F600AF5}.Release|Any CPU.ActiveCfg = Release|Any CPU
		{F0AC6D9F-2521-4FEE-B3AE-1D871F600AF5}.Release|Any CPU.Build.0 = Release|Any CPU
	EndGlobalSection
	GlobalSection(SolutionProperties) = preSolution
		HideSolutionNode = FALSE
	EndGlobalSection
	GlobalSection(ExtensibilityGlobals) = postSolution
		SolutionGuid = {84BD848F-B715-4519-9544-278D37D5F9DA}
	EndGlobalSection
EndGlobal
